
Microsoft Visual Studio Solution File, Format Version 12.00
# Visual Studio 15
Project("{FAE04EC0-301F-11D3-BF4B-00C04F79EFBC}") = "InControl", "InControl.csproj", "{A0A6801E-394E-4A93-28C0-9592A5D5E383}"
EndProject
Project("{FAE04EC0-301F-11D3-BF4B-00C04F79EFBC}") = "SteamVR", "SteamVR.csproj", "{02E46395-1A9A-A080-B5BC-8A0C1C3A4348}"
EndProject
Project("{FAE04EC0-301F-11D3-BF4B-00C04F79EFBC}") = "SteamVR_Actions", "SteamVR_Actions.csproj", "{2C136DCC-FC07-D298-BB67-11CE4027D945}"
EndProject
Project("{FAE04EC0-301F-11D3-BF4B-00C04F79EFBC}") = "Assembly-CSharp", "Assembly-CSharp.csproj", "{2115A2B9-CB9A-17C0-194E-AE195DD0283C}"
EndProject
Project("{FAE04EC0-301F-11D3-BF4B-00C04F79EFBC}") = "InControl.Examples", "InControl.Examples.csproj", "{56A97345-5F64-44A6-E468-E72565157A73}"
EndProject
Project("{FAE04EC0-301F-11D3-BF4B-00C04F79EFBC}") = "SteamVR_Editor", "SteamVR_Editor.csproj", "{CC8CA93B-4F1A-56AC-2FE8-B6200FAA3098}"
EndProject
Project("{FAE04EC0-301F-11D3-BF4B-00C04F79EFBC}") = "InControl.Editor", "InControl.Editor.csproj", "{56BCA738-C2EF-094D-6CE0-719941286209}"
EndProject
Project("{FAE04EC0-301F-11D3-BF4B-00C04F79EFBC}") = "SteamVR_Input_Editor", "SteamVR_Input_Editor.csproj", "{3827C914-65B6-424A-CED7-D798B13CF805}"
EndProject
Project("{FAE04EC0-301F-11D3-BF4B-00C04F79EFBC}") = "Assembly-CSharp-Editor", "Assembly-CSharp-Editor.csproj", "{37F746C0-07AD-42CA-5AB8-F403ECD4E1B7}"
EndProject
Project("{FAE04EC0-301F-11D3-BF4B-00C04F79EFBC}") = "SteamVR_Windows_EditorHelper", "SteamVR_Windows_EditorHelper.csproj", "{55180215-A5D2-40FD-8C15-CC5BD8903958}"
EndProject
Global
	GlobalSection(SolutionConfigurationPlatforms) = preSolution
		Debug|Any CPU = Debug|Any CPU
		Release|Any CPU = Release|Any CPU
	EndGlobalSection
	GlobalSection(ProjectConfigurationPlatforms) = postSolution
		{A0A6801E-394E-4A93-28C0-9592A5D5E383}.Debug|Any CPU.ActiveCfg = Debug|Any CPU
		{A0A6801E-394E-4A93-28C0-9592A5D5E383}.Debug|Any CPU.Build.0 = Debug|Any CPU
		{A0A6801E-394E-4A93-28C0-9592A5D5E383}.Release|Any CPU.ActiveCfg = Release|Any CPU
		{A0A6801E-394E-4A93-28C0-9592A5D5E383}.Release|Any CPU.Build.0 = Release|Any CPU
		{02E46395-1A9A-A080-B5BC-8A0C1C3A4348}.Debug|Any CPU.ActiveCfg = Debug|Any CPU
		{02E46395-1A9A-A080-B5BC-8A0C1C3A4348}.Debug|Any CPU.Build.0 = Debug|Any CPU
		{02E46395-1A9A-A080-B5BC-8A0C1C3A4348}.Release|Any CPU.ActiveCfg = Release|Any CPU
		{02E46395-1A9A-A080-B5BC-8A0C1C3A4348}.Release|Any CPU.Build.0 = Release|Any CPU
		{2C136DCC-FC07-D298-BB67-11CE4027D945}.Debug|Any CPU.ActiveCfg = Debug|Any CPU
		{2C136DCC-FC07-D298-BB67-11CE4027D945}.Debug|Any CPU.Build.0 = Debug|Any CPU
		{2C136DCC-FC07-D298-BB67-11CE4027D945}.Release|Any CPU.ActiveCfg = Release|Any CPU
		{2C136DCC-FC07-D298-BB67-11CE4027D945}.Release|Any CPU.Build.0 = Release|Any CPU
		{2115A2B9-CB9A-17C0-194E-AE195DD0283C}.Debug|Any CPU.ActiveCfg = Debug|Any CPU
		{2115A2B9-CB9A-17C0-194E-AE195DD0283C}.Debug|Any CPU.Build.0 = Debug|Any CPU
		{2115A2B9-CB9A-17C0-194E-AE195DD0283C}.Release|Any CPU.ActiveCfg = Release|Any CPU
		{2115A2B9-CB9A-17C0-194E-AE195DD0283C}.Release|Any CPU.Build.0 = Release|Any CPU
		{56A97345-5F64-44A6-E468-E72565157A73}.Debug|Any CPU.ActiveCfg = Debug|Any CPU
		{56A97345-5F64-44A6-E468-E72565157A73}.Debug|Any CPU.Build.0 = Debug|Any CPU
		{56A97345-5F64-44A6-E468-E72565157A73}.Release|Any CPU.ActiveCfg = Release|Any CPU
		{56A97345-5F64-44A6-E468-E72565157A73}.Release|Any CPU.Build.0 = Release|Any CPU
		{CC8CA93B-4F1A-56AC-2FE8-B6200FAA3098}.Debug|Any CPU.ActiveCfg = Debug|Any CPU
		{CC8CA93B-4F1A-56AC-2FE8-B6200FAA3098}.Debug|Any CPU.Build.0 = Debug|Any CPU
		{CC8CA93B-4F1A-56AC-2FE8-B6200FAA3098}.Release|Any CPU.ActiveCfg = Release|Any CPU
		{CC8CA93B-4F1A-56AC-2FE8-B6200FAA3098}.Release|Any CPU.Build.0 = Release|Any CPU
		{56BCA738-C2EF-094D-6CE0-719941286209}.Debug|Any CPU.ActiveCfg = Debug|Any CPU
		{56BCA738-C2EF-094D-6CE0-719941286209}.Debug|Any CPU.Build.0 = Debug|Any CPU
		{56BCA738-C2EF-094D-6CE0-719941286209}.Release|Any CPU.ActiveCfg = Release|Any CPU
		{56BCA738-C2EF-094D-6CE0-719941286209}.Release|Any CPU.Build.0 = Release|Any CPU
		{3827C914-65B6-424A-CED7-D798B13CF805}.Debug|Any CPU.ActiveCfg = Debug|Any CPU
		{3827C914-65B6-424A-CED7-D798B13CF805}.Debug|Any CPU.Build.0 = Debug|Any CPU
		{3827C914-65B6-424A-CED7-D798B13CF805}.Release|Any CPU.ActiveCfg = Release|Any CPU
		{3827C914-65B6-424A-CED7-D798B13CF805}.Release|Any CPU.Build.0 = Release|Any CPU
		{37F746C0-07AD-42CA-5AB8-F403ECD4E1B7}.Debug|Any CPU.ActiveCfg = Debug|Any CPU
		{37F746C0-07AD-42CA-5AB8-F403ECD4E1B7}.Debug|Any CPU.Build.0 = Debug|Any CPU
		{37F746C0-07AD-42CA-5AB8-F403ECD4E1B7}.Release|Any CPU.ActiveCfg = Release|Any CPU
		{37F746C0-07AD-42CA-5AB8-F403ECD4E1B7}.Release|Any CPU.Build.0 = Release|Any CPU
		{55180215-A5D2-40FD-8C15-CC5BD8903958}.Debug|Any CPU.ActiveCfg = Debug|Any CPU
		{55180215-A5D2-40FD-8C15-CC5BD8903958}.Debug|Any CPU.Build.0 = Debug|Any CPU
		{55180215-A5D2-40FD-8C15-CC5BD8903958}.Release|Any CPU.ActiveCfg = Release|Any CPU
		{55180215-A5D2-40FD-8C15-CC5BD8903958}.Release|Any CPU.Build.0 = Release|Any CPU
	EndGlobalSection
	GlobalSection(SolutionProperties) = preSolution
		HideSolutionNode = FALSE
	EndGlobalSection
	GlobalSection(MonoDevelopProperties) = preSolution
		StartupItem = Assembly-CSharp.csproj
	EndGlobalSection
EndGlobal
